
Microsoft Visual Studio Solution File, Format Version 12.00
# Visual Studio Version 16
VisualStudioVersion = 16.0.30907.101
MinimumVisualStudioVersion = 10.0.40219.1
Project("{FAE04EC0-301F-11D3-BF4B-00C04F79EFBC}") = "Portfolio.HtmlGenerator", "Portfolio.HtmlGenerator\Portfolio.HtmlGenerator.csproj", "{E165A757-29D1-4EDD-8C17-74C4B8192A1A}"
EndProject
Global
	GlobalSection(SolutionConfigurationPlatforms) = preSolution
		Debug|Any CPU = Debug|Any CPU
		Release|Any CPU = Release|Any CPU
	EndGlobalSection
	GlobalSection(ProjectConfigurationPlatforms) = postSolution
		{E165A757-29D1-4EDD-8C17-74C4B8192A1A}.Debug|Any CPU.ActiveCfg = Debug|Any CPU
		{E165A757-29D1-4EDD-8C17-74C4B8192A1A}.Debug|Any CPU.Build.0 = Debug|Any CPU
		{E165A757-29D1-4EDD-8C17-74C4B8192A1A}.Release|Any CPU.ActiveCfg = Release|Any CPU
		{E165A757-29D1-4EDD-8C17-74C4B8192A1A}.Release|Any CPU.Build.0 = Release|Any CPU
	EndGlobalSection
	GlobalSection(SolutionProperties) = preSolution
		HideSolutionNode = FALSE
	EndGlobalSection
	GlobalSection(ExtensibilityGlobals) = postSolution
		SolutionGuid = {D8A7C23C-41B8-49F7-A916-488132B2B85F}
	EndGlobalSection
EndGlobal
